
Microsoft Visual Studio Solution File, Format Version 12.00
# Visual Studio 14
VisualStudioVersion = 14.0.25123.0
MinimumVisualStudioVersion = 10.0.40219.1
Project("{FAE04EC0-301F-11D3-BF4B-00C04F79EFBC}") = "IC.BEMCheckBox", "IC.BEMCheckBox\IC.BEMCheckBox.csproj", "{DA212208-5999-4F3D-920A-25519CB52F0B}"
EndProject
Project("{FAE04EC0-301F-11D3-BF4B-00C04F79EFBC}") = "IC.BEMCheckBox.Sample", "IC.BEMCheckBox.Sample\IC.BEMCheckBox.Sample.csproj", "{0F8AE17D-202D-4F29-8164-42F0D4E4D545}"
EndProject
Global
	GlobalSection(SolutionConfigurationPlatforms) = preSolution
		Ad-Hoc|Any CPU = Ad-Hoc|Any CPU
		Ad-Hoc|iPhone = Ad-Hoc|iPhone
		Ad-Hoc|iPhoneSimulator = Ad-Hoc|iPhoneSimulator
		AppStore|Any CPU = AppStore|Any CPU
		AppStore|iPhone = AppStore|iPhone
		AppStore|iPhoneSimulator = AppStore|iPhoneSimulator
		Debug|Any CPU = Debug|Any CPU
		Debug|iPhone = Debug|iPhone
		Debug|iPhoneSimulator = Debug|iPhoneSimulator
		Release|Any CPU = Release|Any CPU
		Release|iPhone = Release|iPhone
		Release|iPhoneSimulator = Release|iPhoneSimulator
	EndGlobalSection
	GlobalSection(ProjectConfigurationPlatforms) = postSolution
		{DA212208-5999-4F3D-920A-25519CB52F0B}.Ad-Hoc|Any CPU.ActiveCfg = AppStore|Any CPU
		{DA212208-5999-4F3D-920A-25519CB52F0B}.Ad-Hoc|Any CPU.Build.0 = AppStore|Any CPU
		{DA212208-5999-4F3D-920A-25519CB52F0B}.Ad-Hoc|iPhone.ActiveCfg = AppStore|Any CPU
		{DA212208-5999-4F3D-920A-25519CB52F0B}.Ad-Hoc|iPhone.Build.0 = AppStore|Any CPU
		{DA212208-5999-4F3D-920A-25519CB52F0B}.Ad-Hoc|iPhoneSimulator.ActiveCfg = AppStore|Any CPU
		{DA212208-5999-4F3D-920A-25519CB52F0B}.Ad-Hoc|iPhoneSimulator.Build.0 = AppStore|Any CPU
		{DA212208-5999-4F3D-920A-25519CB52F0B}.AppStore|Any CPU.ActiveCfg = AppStore|Any CPU
		{DA212208-5999-4F3D-920A-25519CB52F0B}.AppStore|Any CPU.Build.0 = AppStore|Any CPU
		{DA212208-5999-4F3D-920A-25519CB52F0B}.AppStore|iPhone.ActiveCfg = AppStore|Any CPU
		{DA212208-5999-4F3D-920A-25519CB52F0B}.AppStore|iPhone.Build.0 = AppStore|Any CPU
		{DA212208-5999-4F3D-920A-25519CB52F0B}.AppStore|iPhoneSimulator.ActiveCfg = AppStore|Any CPU
		{DA212208-5999-4F3D-920A-25519CB52F0B}.AppStore|iPhoneSimulator.Build.0 = AppStore|Any CPU
		{DA212208-5999-4F3D-920A-25519CB52F0B}.Debug|Any CPU.ActiveCfg = Debug|Any CPU
		{DA212208-5999-4F3D-920A-25519CB52F0B}.Debug|Any CPU.Build.0 = Debug|Any CPU
		{DA212208-5999-4F3D-920A-25519CB52F0B}.Debug|iPhone.ActiveCfg = Debug|Any CPU
		{DA212208-5999-4F3D-920A-25519CB52F0B}.Debug|iPhone.Build.0 = Debug|Any CPU
		{DA212208-5999-4F3D-920A-25519CB52F0B}.Debug|iPhoneSimulator.ActiveCfg = Debug|Any CPU
		{DA212208-5999-4F3D-920A-25519CB52F0B}.Debug|iPhoneSimulator.Build.0 = Debug|Any CPU
		{DA212208-5999-4F3D-920A-25519CB52F0B}.Release|Any CPU.ActiveCfg = Release|Any CPU
		{DA212208-5999-4F3D-920A-25519CB52F0B}.Release|Any CPU.Build.0 = Release|Any CPU
		{DA212208-5999-4F3D-920A-25519CB52F0B}.Release|iPhone.ActiveCfg = Release|Any CPU
		{DA212208-5999-4F3D-920A-25519CB52F0B}.Release|iPhone.Build.0 = Release|Any CPU
		{DA212208-5999-4F3D-920A-25519CB52F0B}.Release|iPhoneSimulator.ActiveCfg = Release|Any CPU
		{DA212208-5999-4F3D-920A-25519CB52F0B}.Release|iPhoneSimulator.Build.0 = Release|Any CPU
		{0F8AE17D-202D-4F29-8164-42F0D4E4D545}.Ad-Hoc|Any CPU.ActiveCfg = Ad-Hoc|iPhone
		{0F8AE17D-202D-4F29-8164-42F0D4E4D545}.Ad-Hoc|iPhone.ActiveCfg = Ad-Hoc|iPhone
		{0F8AE17D-202D-4F29-8164-42F0D4E4D545}.Ad-Hoc|iPhone.Build.0 = Ad-Hoc|iPhone
		{0F8AE17D-202D-4F29-8164-42F0D4E4D545}.Ad-Hoc|iPhoneSimulator.ActiveCfg = Ad-Hoc|iPhoneSimulator
		{0F8AE17D-202D-4F29-8164-42F0D4E4D545}.Ad-Hoc|iPhoneSimulator.Build.0 = Ad-Hoc|iPhoneSimulator
		{0F8AE17D-202D-4F29-8164-42F0D4E4D545}.AppStore|Any CPU.ActiveCfg = AppStore|iPhone
		{0F8AE17D-202D-4F29-8164-42F0D4E4D545}.AppStore|iPhone.ActiveCfg = AppStore|iPhone
		{0F8AE17D-202D-4F29-8164-42F0D4E4D545}.AppStore|iPhone.Build.0 = AppStore|iPhone
		{0F8AE17D-202D-4F29-8164-42F0D4E4D545}.AppStore|iPhoneSimulator.ActiveCfg = AppStore|iPhoneSimulator
		{0F8AE17D-202D-4F29-8164-42F0D4E4D545}.AppStore|iPhoneSimulator.Build.0 = AppStore|iPhoneSimulator
		{0F8AE17D-202D-4F29-8164-42F0D4E4D545}.Debug|Any CPU.ActiveCfg = Debug|iPhone
		{0F8AE17D-202D-4F29-8164-42F0D4E4D545}.Debug|iPhone.ActiveCfg = Debug|iPhone
		{0F8AE17D-202D-4F29-8164-42F0D4E4D545}.Debug|iPhone.Build.0 = Debug|iPhone
		{0F8AE17D-202D-4F29-8164-42F0D4E4D545}.Debug|iPhoneSimulator.ActiveCfg = Debug|iPhoneSimulator
		{0F8AE17D-202D-4F29-8164-42F0D4E4D545}.Debug|iPhoneSimulator.Build.0 = Debug|iPhoneSimulator
		{0F8AE17D-202D-4F29-8164-42F0D4E4D545}.Release|Any CPU.ActiveCfg = Release|iPhone
		{0F8AE17D-202D-4F29-8164-42F0D4E4D545}.Release|iPhone.ActiveCfg = Release|iPhone
		{0F8AE17D-202D-4F29-8164-42F0D4E4D545}.Release|iPhone.Build.0 = Release|iPhone
		{0F8AE17D-202D-4F29-8164-42F0D4E4D545}.Release|iPhoneSimulator.ActiveCfg = Release|iPhoneSimulator
		{0F8AE17D-202D-4F29-8164-42F0D4E4D545}.Release|iPhoneSimulator.Build.0 = Release|iPhoneSimulator
	EndGlobalSection
	GlobalSection(SolutionProperties) = preSolution
		HideSolutionNode = FALSE
	EndGlobalSection
EndGlobal
